
Microsoft Visual Studio Solution File, Format Version 12.00
# Visual Studio Version 16
VisualStudioVersion = 16.0.29926.136
MinimumVisualStudioVersion = 10.0.40219.1
Project("{9A19103F-16F7-4668-BE54-9A1E7A4F7556}") = "HydraBalancer", "HydraBalancer\HydraBalancer.csproj", "{92112B6D-BA6F-4645-A572-04E0DBDC663D}"
EndProject
Project("{FAE04EC0-301F-11D3-BF4B-00C04F79EFBC}") = "HydraBalancer.Client", "HydraBalancer.Client\HydraBalancer.Client.csproj", "{6F3733E8-15FB-4DCF-82D5-01639F72BDE3}"
EndProject
Project("{FAE04EC0-301F-11D3-BF4B-00C04F79EFBC}") = "HydraBalancer.Client.Test", "HydraBalancer.Client.Test\HydraBalancer.Client.Test.csproj", "{7E09C710-282B-4AAC-A777-1CCFBDE4B2D5}"
EndProject
Global
	GlobalSection(SolutionConfigurationPlatforms) = preSolution
		Debug|Any CPU = Debug|Any CPU
		Release|Any CPU = Release|Any CPU
	EndGlobalSection
	GlobalSection(ProjectConfigurationPlatforms) = postSolution
		{92112B6D-BA6F-4645-A572-04E0DBDC663D}.Debug|Any CPU.ActiveCfg = Debug|Any CPU
		{92112B6D-BA6F-4645-A572-04E0DBDC663D}.Debug|Any CPU.Build.0 = Debug|Any CPU
		{92112B6D-BA6F-4645-A572-04E0DBDC663D}.Release|Any CPU.ActiveCfg = Release|Any CPU
		{92112B6D-BA6F-4645-A572-04E0DBDC663D}.Release|Any CPU.Build.0 = Release|Any CPU
		{6F3733E8-15FB-4DCF-82D5-01639F72BDE3}.Debug|Any CPU.ActiveCfg = Debug|Any CPU
		{6F3733E8-15FB-4DCF-82D5-01639F72BDE3}.Debug|Any CPU.Build.0 = Debug|Any CPU
		{6F3733E8-15FB-4DCF-82D5-01639F72BDE3}.Release|Any CPU.ActiveCfg = Release|Any CPU
		{6F3733E8-15FB-4DCF-82D5-01639F72BDE3}.Release|Any CPU.Build.0 = Release|Any CPU
		{7E09C710-282B-4AAC-A777-1CCFBDE4B2D5}.Debug|Any CPU.ActiveCfg = Debug|Any CPU
		{7E09C710-282B-4AAC-A777-1CCFBDE4B2D5}.Debug|Any CPU.Build.0 = Debug|Any CPU
		{7E09C710-282B-4AAC-A777-1CCFBDE4B2D5}.Release|Any CPU.ActiveCfg = Release|Any CPU
		{7E09C710-282B-4AAC-A777-1CCFBDE4B2D5}.Release|Any CPU.Build.0 = Release|Any CPU
	EndGlobalSection
	GlobalSection(SolutionProperties) = preSolution
		HideSolutionNode = FALSE
	EndGlobalSection
	GlobalSection(ExtensibilityGlobals) = postSolution
		SolutionGuid = {05C85FB7-A420-4D21-BF78-876399BEF9F7}
	EndGlobalSection
EndGlobal
